// !$*UTF8*$!
{
	archiveVersion = 1;
	classes = {
	};
	objectVersion = 56;
	objects = {

/* Begin PBXBuildFile section */
		6F1170992A9B567200BA0172 /* AppDelegate.swift in Sources */ = {isa = PBXBuildFile; fileRef = 6F1170982A9B567200BA0172 /* AppDelegate.swift */; };
		6F11709D2A9B567200BA0172 /* WebViewController.swift in Sources */ = {isa = PBXBuildFile; fileRef = 6F11709C2A9B567200BA0172 /* WebViewController.swift */; };
		6F1170A22A9B567400BA0172 /* Assets.xcassets in Resources */ = {isa = PBXBuildFile; fileRef = 6F1170A12A9B567400BA0172 /* Assets.xcassets */; };
		6F1170A52A9B567400BA0172 /* LaunchScreen.storyboard in Resources */ = {isa = PBXBuildFile; fileRef = 6F1170A32A9B567400BA0172 /* LaunchScreen.storyboard */; };
		6F1170AD2A9B5ECE00BA0172 /* WebViewModel.swift in Sources */ = {isa = PBXBuildFile; fileRef = 6F1170AC2A9B5ECE00BA0172 /* WebViewModel.swift */; };
		6F1170B02A9B5F2600BA0172 /* StateMachine in Frameworks */ = {isa = PBXBuildFile; productRef = 6F1170AF2A9B5F2600BA0172 /* StateMachine */; };
		6F1170B22A9B77D600BA0172 /* WKWebView+.swift in Sources */ = {isa = PBXBuildFile; fileRef = 6F1170B12A9B77D600BA0172 /* WKWebView+.swift */; };
		6F1170B42A9B780A00BA0172 /* WKProcessPool+.swift in Sources */ = {isa = PBXBuildFile; fileRef = 6F1170B32A9B780A00BA0172 /* WKProcessPool+.swift */; };
/* End PBXBuildFile section */

/* Begin PBXFileReference section */
		6F1170952A9B567200BA0172 /* SampleApp.app */ = {isa = PBXFileReference; explicitFileType = wrapper.application; includeInIndex = 0; path = SampleApp.app; sourceTree = BUILT_PRODUCTS_DIR; };
		6F1170982A9B567200BA0172 /* AppDelegate.swift */ = {isa = PBXFileReference; lastKnownFileType = sourcecode.swift; path = AppDelegate.swift; sourceTree = "<group>"; };
		6F11709C2A9B567200BA0172 /* WebViewController.swift */ = {isa = PBXFileReference; lastKnownFileType = sourcecode.swift; path = WebViewController.swift; sourceTree = "<group>"; };
		6F1170A12A9B567400BA0172 /* Assets.xcassets */ = {isa = PBXFileReference; lastKnownFileType = folder.assetcatalog; path = Assets.xcassets; sourceTree = "<group>"; };
		6F1170A42A9B567400BA0172 /* Base */ = {isa = PBXFileReference; lastKnownFileType = file.storyboard; name = Base; path = Base.lproj/LaunchScreen.storyboard; sourceTree = "<group>"; };
		6F1170A62A9B567400BA0172 /* Info.plist */ = {isa = PBXFileReference; lastKnownFileType = text.plist.xml; path = Info.plist; sourceTree = "<group>"; };
		6F1170AC2A9B5ECE00BA0172 /* WebViewModel.swift */ = {isa = PBXFileReference; lastKnownFileType = sourcecode.swift; path = WebViewModel.swift; sourceTree = "<group>"; };
		6F1170B12A9B77D600BA0172 /* WKWebView+.swift */ = {isa = PBXFileReference; lastKnownFileType = sourcecode.swift; path = "WKWebView+.swift"; sourceTree = "<group>"; };
		6F1170B32A9B780A00BA0172 /* WKProcessPool+.swift */ = {isa = PBXFileReference; lastKnownFileType = sourcecode.swift; path = "WKProcessPool+.swift"; sourceTree = "<group>"; };
/* End PBXFileReference section */

/* Begin PBXFrameworksBuildPhase section */
		6F1170922A9B567200BA0172 /* Frameworks */ = {
			isa = PBXFrameworksBuildPhase;
			buildActionMask = 2147483647;
			files = (
				6F1170B02A9B5F2600BA0172 /* StateMachine in Frameworks */,
			);
			runOnlyForDeploymentPostprocessing = 0;
		};
/* End PBXFrameworksBuildPhase section */

/* Begin PBXGroup section */
		6F11708C2A9B567200BA0172 = {
			isa = PBXGroup;
			children = (
				6F1170972A9B567200BA0172 /* SampleApp */,
				6F1170962A9B567200BA0172 /* Products */,
			);
			sourceTree = "<group>";
		};
		6F1170962A9B567200BA0172 /* Products */ = {
			isa = PBXGroup;
			children = (
				6F1170952A9B567200BA0172 /* SampleApp.app */,
			);
			name = Products;
			sourceTree = "<group>";
		};
		6F1170972A9B567200BA0172 /* SampleApp */ = {
			isa = PBXGroup;
			children = (
				6F1170A62A9B567400BA0172 /* Info.plist */,
				6F1170B72A9B7C1600BA0172 /* App */,
				6F1170B52A9B7BCF00BA0172 /* Extensions */,
				6F1170B82A9B7C2B00BA0172 /* Presentations */,
				6F1170B62A9B7BF500BA0172 /* Resouces */,
			);
			path = SampleApp;
			sourceTree = "<group>";
		};
		6F1170B52A9B7BCF00BA0172 /* Extensions */ = {
			isa = PBXGroup;
			children = (
				6F1170B32A9B780A00BA0172 /* WKProcessPool+.swift */,
				6F1170B12A9B77D600BA0172 /* WKWebView+.swift */,
			);
			path = Extensions;
			sourceTree = "<group>";
		};
		6F1170B62A9B7BF500BA0172 /* Resouces */ = {
			isa = PBXGroup;
			children = (
				6F1170A12A9B567400BA0172 /* Assets.xcassets */,
				6F1170A32A9B567400BA0172 /* LaunchScreen.storyboard */,
			);
			path = Resouces;
			sourceTree = "<group>";
		};
		6F1170B72A9B7C1600BA0172 /* App */ = {
			isa = PBXGroup;
			children = (
				6F1170982A9B567200BA0172 /* AppDelegate.swift */,
			);
			path = App;
			sourceTree = "<group>";
		};
		6F1170B82A9B7C2B00BA0172 /* Presentations */ = {
			isa = PBXGroup;
			children = (
				6F11709C2A9B567200BA0172 /* WebViewController.swift */,
				6F1170AC2A9B5ECE00BA0172 /* WebViewModel.swift */,
			);
			path = Presentations;
			sourceTree = "<group>";
		};
/* End PBXGroup section */

/* Begin PBXNativeTarget section */
		6F1170942A9B567200BA0172 /* SampleApp */ = {
			isa = PBXNativeTarget;
			buildConfigurationList = 6F1170A92A9B567400BA0172 /* Build configuration list for PBXNativeTarget "SampleApp" */;
			buildPhases = (
				6F1170912A9B567200BA0172 /* Sources */,
				6F1170922A9B567200BA0172 /* Frameworks */,
				6F1170932A9B567200BA0172 /* Resources */,
			);
			buildRules = (
			);
			dependencies = (
			);
			name = SampleApp;
			packageProductDependencies = (
				6F1170AF2A9B5F2600BA0172 /* StateMachine */,
			);
			productName = SampleApp;
			productReference = 6F1170952A9B567200BA0172 /* SampleApp.app */;
			productType = "com.apple.product-type.application";
		};
/* End PBXNativeTarget section */

/* Begin PBXProject section */
		6F11708D2A9B567200BA0172 /* Project object */ = {
			isa = PBXProject;
			attributes = {
				BuildIndependentTargetsInParallel = 1;
				LastSwiftUpdateCheck = 1430;
				LastUpgradeCheck = 1430;
				TargetAttributes = {
					6F1170942A9B567200BA0172 = {
						CreatedOnToolsVersion = 14.3;
					};
				};
			};
			buildConfigurationList = 6F1170902A9B567200BA0172 /* Build configuration list for PBXProject "SampleApp" */;
			compatibilityVersion = "Xcode 14.0";
			developmentRegion = en;
			hasScannedForEncodings = 0;
			knownRegions = (
				en,
				Base,
			);
			mainGroup = 6F11708C2A9B567200BA0172;
			packageReferences = (
				6F1170AE2A9B5F2600BA0172 /* XCRemoteSwiftPackageReference "StateMachine" */,
			);
			productRefGroup = 6F1170962A9B567200BA0172 /* Products */;
			projectDirPath = "";
			projectRoot = "";
			targets = (
				6F1170942A9B567200BA0172 /* SampleApp */,
			);
		};
/* End PBXProject section */

/* Begin PBXResourcesBuildPhase section */
		6F1170932A9B567200BA0172 /* Resources */ = {
			isa = PBXResourcesBuildPhase;
			buildActionMask = 2147483647;
			files = (
				6F1170A52A9B567400BA0172 /* LaunchScreen.storyboard in Resources */,
				6F1170A22A9B567400BA0172 /* Assets.xcassets in Resources */,
			);
			runOnlyForDeploymentPostprocessing = 0;
		};
/* End PBXResourcesBuildPhase section */

/* Begin PBXSourcesBuildPhase section */
		6F1170912A9B567200BA0172 /* Sources */ = {
			isa = PBXSourcesBuildPhase;
			buildActionMask = 2147483647;
			files = (
				6F11709D2A9B567200BA0172 /* WebViewController.swift in Sources */,
				6F1170B42A9B780A00BA0172 /* WKProcessPool+.swift in Sources */,
				6F1170B22A9B77D600BA0172 /* WKWebView+.swift in Sources */,
				6F1170AD2A9B5ECE00BA0172 /* WebViewModel.swift in Sources */,
				6F1170992A9B567200BA0172 /* AppDelegate.swift in Sources */,
			);
			runOnlyForDeploymentPostprocessing = 0;
		};
/* End PBXSourcesBuildPhase section */

/* Begin PBXVariantGroup section */
		6F1170A32A9B567400BA0172 /* LaunchScreen.storyboard */ = {
			isa = PBXVariantGroup;
			children = (
				6F1170A42A9B567400BA0172 /* Base */,
			);
			name = LaunchScreen.storyboard;
			sourceTree = "<group>";
		};
/* End PBXVariantGroup section */

/* Begin XCBuildConfiguration section */
		6F1170A72A9B567400BA0172 /* Debug */ = {
			isa = XCBuildConfiguration;
			buildSettings = {
				ALWAYS_SEARCH_USER_PATHS = NO;
				CLANG_ANALYZER_NONNULL = YES;
				CLANG_ANALYZER_NUMBER_OBJECT_CONVERSION = YES_AGGRESSIVE;
				CLANG_CXX_LANGUAGE_STANDARD = "gnu++20";
				CLANG_ENABLE_MODULES = YES;
				CLANG_ENABLE_OBJC_ARC = YES;
				CLANG_ENABLE_OBJC_WEAK = YES;
				CLANG_WARN_BLOCK_CAPTURE_AUTORELEASING = YES;
				CLANG_WARN_BOOL_CONVERSION = YES;
				CLANG_WARN_COMMA = YES;
				CLANG_WARN_CONSTANT_CONVERSION = YES;
				CLANG_WARN_DEPRECATED_OBJC_IMPLEMENTATIONS = YES;
				CLANG_WARN_DIRECT_OBJC_ISA_USAGE = YES_ERROR;
				CLANG_WARN_DOCUMENTATION_COMMENTS = YES;
				CLANG_WARN_EMPTY_BODY = YES;
				CLANG_WARN_ENUM_CONVERSION = YES;
				CLANG_WARN_INFINITE_RECURSION = YES;
				CLANG_WARN_INT_CONVERSION = YES;
				CLANG_WARN_NON_LITERAL_NULL_CONVERSION = YES;
				CLANG_WARN_OBJC_IMPLICIT_RETAIN_SELF = YES;
				CLANG_WARN_OBJC_LITERAL_CONVERSION = YES;
				CLANG_WARN_OBJC_ROOT_CLASS = YES_ERROR;
				CLANG_WARN_QUOTED_INCLUDE_IN_FRAMEWORK_HEADER = YES;
				CLANG_WARN_RANGE_LOOP_ANALYSIS = YES;
				CLANG_WARN_STRICT_PROTOTYPES = YES;
				CLANG_WARN_SUSPICIOUS_MOVE = YES;
				CLANG_WARN_UNGUARDED_AVAILABILITY = YES_AGGRESSIVE;
				CLANG_WARN_UNREACHABLE_CODE = YES;
				CLANG_WARN__DUPLICATE_METHOD_MATCH = YES;
				COPY_PHASE_STRIP = NO;
				DEBUG_INFORMATION_FORMAT = dwarf;
				ENABLE_STRICT_OBJC_MSGSEND = YES;
				ENABLE_TESTABILITY = YES;
				GCC_C_LANGUAGE_STANDARD = gnu11;
				GCC_DYNAMIC_NO_PIC = NO;
				GCC_NO_COMMON_BLOCKS = YES;
				GCC_OPTIMIZATION_LEVEL = 0;
				GCC_PREPROCESSOR_DEFINITIONS = (
					"DEBUG=1",
					"$(inherited)",
				);
				GCC_WARN_64_TO_32_BIT_CONVERSION = YES;
				GCC_WARN_ABOUT_RETURN_TYPE = YES_ERROR;
				GCC_WARN_UNDECLARED_SELECTOR = YES;
				GCC_WARN_UNINITIALIZED_AUTOS = YES_AGGRESSIVE;
				GCC_WARN_UNUSED_FUNCTION = YES;
				GCC_WARN_UNUSED_VARIABLE = YES;
				IPHONEOS_DEPLOYMENT_TARGET = 16.0;
				MTL_ENABLE_DEBUG_INFO = INCLUDE_SOURCE;
				MTL_FAST_MATH = YES;
				ONLY_ACTIVE_ARCH = YES;
				SDKROOT = iphoneos;
				SWIFT_ACTIVE_COMPILATION_CONDITIONS = DEBUG;
				SWIFT_OPTIMIZATION_LEVEL = "-Onone";
			};
			name = Debug;
		};
		6F1170A82A9B567400BA0172 /* Release */ = {
			isa = XCBuildConfiguration;
			buildSettings = {
				ALWAYS_SEARCH_USER_PATHS = NO;
				CLANG_ANALYZER_NONNULL = YES;
				CLANG_ANALYZER_NUMBER_OBJECT_CONVERSION = YES_AGGRESSIVE;
				CLANG_CXX_LANGUAGE_STANDARD = "gnu++20";
				CLANG_ENABLE_MODULES = YES;
				CLANG_ENABLE_OBJC_ARC = YES;
				CLANG_ENABLE_OBJC_WEAK = YES;
				CLANG_WARN_BLOCK_CAPTURE_AUTORELEASING = YES;
				CLANG_WARN_BOOL_CONVERSION = YES;
				CLANG_WARN_COMMA = YES;
				CLANG_WARN_CONSTANT_CONVERSION = YES;
				CLANG_WARN_DEPRECATED_OBJC_IMPLEMENTATIONS = YES;
				CLANG_WARN_DIRECT_OBJC_ISA_USAGE = YES_ERROR;
				CLANG_WARN_DOCUMENTATION_COMMENTS = YES;
				CLANG_WARN_EMPTY_BODY = YES;
				CLANG_WARN_ENUM_CONVERSION = YES;
				CLANG_WARN_INFINITE_RECURSION = YES;
				CLANG_WARN_INT_CONVERSION = YES;
				CLANG_WARN_NON_LITERAL_NULL_CONVERSION = YES;
				CLANG_WARN_OBJC_IMPLICIT_RETAIN_SELF = YES;
				CLANG_WARN_OBJC_LITERAL_CONVERSION = YES;
				CLANG_WARN_OBJC_ROOT_CLASS = YES_ERROR;
				CLANG_WARN_QUOTED_INCLUDE_IN_FRAMEWORK_HEADER = YES;
				CLANG_WARN_RANGE_LOOP_ANALYSIS = YES;
				CLANG_WARN_STRICT_PROTOTYPES = YES;
				CLANG_WARN_SUSPICIOUS_MOVE = YES;
				CLANG_WARN_UNGUARDED_AVAILABILITY = YES_AGGRESSIVE;
				CLANG_WARN_UNREACHABLE_CODE = YES;
				CLANG_WARN__DUPLICATE_METHOD_MATCH = YES;
				COPY_PHASE_STRIP = NO;
				DEBUG_INFORMATION_FORMAT = "dwarf-with-dsym";
				ENABLE_NS_ASSERTIONS = NO;
				ENABLE_STRICT_OBJC_MSGSEND = YES;
				GCC_C_LANGUAGE_STANDARD = gnu11;
				GCC_NO_COMMON_BLOCKS = YES;
				GCC_WARN_64_TO_32_BIT_CONVERSION = YES;
				GCC_WARN_ABOUT_RETURN_TYPE = YES_ERROR;
				GCC_WARN_UNDECLARED_SELECTOR = YES;
				GCC_WARN_UNINITIALIZED_AUTOS = YES_AGGRESSIVE;
				GCC_WARN_UNUSED_FUNCTION = YES;
				GCC_WARN_UNUSED_VARIABLE = YES;
				IPHONEOS_DEPLOYMENT_TARGET = 16.0;
				MTL_ENABLE_DEBUG_INFO = NO;
				MTL_FAST_MATH = YES;
				SDKROOT = iphoneos;
				SWIFT_COMPILATION_MODE = wholemodule;
				SWIFT_OPTIMIZATION_LEVEL = "-O";
				VALIDATE_PRODUCT = YES;
			};
			name = Release;
		};
		6F1170AA2A9B567400BA0172 /* Debug */ = {
			isa = XCBuildConfiguration;
			buildSettings = {
				ASSETCATALOG_COMPILER_APPICON_NAME = AppIcon;
				ASSETCATALOG_COMPILER_GLOBAL_ACCENT_COLOR_NAME = AccentColor;
				CODE_SIGN_STYLE = Automatic;
				CURRENT_PROJECT_VERSION = 1;
				DEVELOPMENT_TEAM = AS6U2X4R9E;
				GENERATE_INFOPLIST_FILE = YES;
				INFOPLIST_FILE = SampleApp/Info.plist;
				INFOPLIST_KEY_UIApplicationSupportsIndirectInputEvents = YES;
				INFOPLIST_KEY_UILaunchStoryboardName = LaunchScreen;
				INFOPLIST_KEY_UISupportedInterfaceOrientations = UIInterfaceOrientationPortrait;
				IPHONEOS_DEPLOYMENT_TARGET = 16.0;
				LD_RUNPATH_SEARCH_PATHS = (
					"$(inherited)",
					"@executable_path/Frameworks",
				);
				MARKETING_VERSION = 1.0;
				PRODUCT_BUNDLE_IDENTIFIER = com.marcy731.StateMachine.SampleApp;
				PRODUCT_NAME = "$(TARGET_NAME)";
				SWIFT_EMIT_LOC_STRINGS = YES;
				SWIFT_VERSION = 5.0;
				TARGETED_DEVICE_FAMILY = "1,2";
			};
			name = Debug;
		};
		6F1170AB2A9B567400BA0172 /* Release */ = {
			isa = XCBuildConfiguration;
			buildSettings = {
				ASSETCATALOG_COMPILER_APPICON_NAME = AppIcon;
				ASSETCATALOG_COMPILER_GLOBAL_ACCENT_COLOR_NAME = AccentColor;
				CODE_SIGN_STYLE = Automatic;
				CURRENT_PROJECT_VERSION = 1;
				DEVELOPMENT_TEAM = AS6U2X4R9E;
				GENERATE_INFOPLIST_FILE = YES;
				INFOPLIST_FILE = SampleApp/Info.plist;
				INFOPLIST_KEY_UIApplicationSupportsIndirectInputEvents = YES;
				INFOPLIST_KEY_UILaunchStoryboardName = LaunchScreen;
				INFOPLIST_KEY_UISupportedInterfaceOrientations = UIInterfaceOrientationPortrait;
				IPHONEOS_DEPLOYMENT_TARGET = 16.0;
				LD_RUNPATH_SEARCH_PATHS = (
					"$(inherited)",
					"@executable_path/Frameworks",
				);
				MARKETING_VERSION = 1.0;
				PRODUCT_BUNDLE_IDENTIFIER = com.marcy731.StateMachine.SampleApp;
				PRODUCT_NAME = "$(TARGET_NAME)";
				SWIFT_EMIT_LOC_STRINGS = YES;
				SWIFT_VERSION = 5.0;
				TARGETED_DEVICE_FAMILY = "1,2";
			};
			name = Release;
		};
/* End XCBuildConfiguration section */

/* Begin XCConfigurationList section */
		6F1170902A9B567200BA0172 /* Build configuration list for PBXProject "SampleApp" */ = {
			isa = XCConfigurationList;
			buildConfigurations = (
				6F1170A72A9B567400BA0172 /* Debug */,
				6F1170A82A9B567400BA0172 /* Release */,
			);
			defaultConfigurationIsVisible = 0;
			defaultConfigurationName = Release;
		};
		6F1170A92A9B567400BA0172 /* Build configuration list for PBXNativeTarget "SampleApp" */ = {
			isa = XCConfigurationList;
			buildConfigurations = (
				6F1170AA2A9B567400BA0172 /* Debug */,
				6F1170AB2A9B567400BA0172 /* Release */,
			);
			defaultConfigurationIsVisible = 0;
			defaultConfigurationName = Release;
		};
/* End XCConfigurationList section */

/* Begin XCRemoteSwiftPackageReference section */
		6F1170AE2A9B5F2600BA0172 /* XCRemoteSwiftPackageReference "StateMachine" */ = {
			isa = XCRemoteSwiftPackageReference;
			repositoryURL = "https://github.com/marcy731/StateMachine";
			requirement = {
				kind = exactVersion;
				version = 0.1.0;
			};
		};
/* End XCRemoteSwiftPackageReference section */

/* Begin XCSwiftPackageProductDependency section */
		6F1170AF2A9B5F2600BA0172 /* StateMachine */ = {
			isa = XCSwiftPackageProductDependency;
			package = 6F1170AE2A9B5F2600BA0172 /* XCRemoteSwiftPackageReference "StateMachine" */;
			productName = StateMachine;
		};
/* End XCSwiftPackageProductDependency section */
	};
	rootObject = 6F11708D2A9B567200BA0172 /* Project object */;
}
